
Microsoft Visual Studio Solution File, Format Version 12.00
# Visual Studio Version 16
VisualStudioVersion = 16.0.30621.155
MinimumVisualStudioVersion = 10.0.40219.1
Project("{FAE04EC0-301F-11D3-BF4B-00C04F79EFBC}") = "PatternsLibrary", "PatternsLibrary\PatternsLibrary.csproj", "{09A85AD7-B269-4435-BB22-4B27C2988880}"
EndProject
Project("{FAE04EC0-301F-11D3-BF4B-00C04F79EFBC}") = "ConsoleTestApp", "ConsoleTestApp\ConsoleTestApp.csproj", "{C176BA19-00FD-41EA-8252-795C6461B1F2}"
EndProject
Global
	GlobalSection(SolutionConfigurationPlatforms) = preSolution
		Debug|Any CPU = Debug|Any CPU
		Release|Any CPU = Release|Any CPU
	EndGlobalSection
	GlobalSection(ProjectConfigurationPlatforms) = postSolution
		{09A85AD7-B269-4435-BB22-4B27C2988880}.Debug|Any CPU.ActiveCfg = Debug|Any CPU
		{09A85AD7-B269-4435-BB22-4B27C2988880}.Debug|Any CPU.Build.0 = Debug|Any CPU
		{09A85AD7-B269-4435-BB22-4B27C2988880}.Release|Any CPU.ActiveCfg = Release|Any CPU
		{09A85AD7-B269-4435-BB22-4B27C2988880}.Release|Any CPU.Build.0 = Release|Any CPU
		{C176BA19-00FD-41EA-8252-795C6461B1F2}.Debug|Any CPU.ActiveCfg = Debug|Any CPU
		{C176BA19-00FD-41EA-8252-795C6461B1F2}.Debug|Any CPU.Build.0 = Debug|Any CPU
		{C176BA19-00FD-41EA-8252-795C6461B1F2}.Release|Any CPU.ActiveCfg = Release|Any CPU
		{C176BA19-00FD-41EA-8252-795C6461B1F2}.Release|Any CPU.Build.0 = Release|Any CPU
	EndGlobalSection
	GlobalSection(SolutionProperties) = preSolution
		HideSolutionNode = FALSE
	EndGlobalSection
	GlobalSection(ExtensibilityGlobals) = postSolution
		SolutionGuid = {051E86AC-90B7-4517-8B3F-D09672DC24DD}
	EndGlobalSection
EndGlobal
